
Microsoft Visual Studio Solution File, Format Version 12.00
# Visual Studio Version 17
VisualStudioVersion = 17.5.33627.172
MinimumVisualStudioVersion = 10.0.40219.1
Project("{FAE04EC0-301F-11D3-BF4B-00C04F79EFBC}") = "CQRSMediaTRNetCore", "CQRSMediaTRNetCore\CQRSMediaTRNetCore.csproj", "{CA8DC04E-BA5B-40EC-87A4-BC56E9D820AA}"
EndProject
Global
	GlobalSection(SolutionConfigurationPlatforms) = preSolution
		Debug|Any CPU = Debug|Any CPU
		Release|Any CPU = Release|Any CPU
	EndGlobalSection
	GlobalSection(ProjectConfigurationPlatforms) = postSolution
		{CA8DC04E-BA5B-40EC-87A4-BC56E9D820AA}.Debug|Any CPU.ActiveCfg = Debug|Any CPU
		{CA8DC04E-BA5B-40EC-87A4-BC56E9D820AA}.Debug|Any CPU.Build.0 = Debug|Any CPU
		{CA8DC04E-BA5B-40EC-87A4-BC56E9D820AA}.Release|Any CPU.ActiveCfg = Release|Any CPU
		{CA8DC04E-BA5B-40EC-87A4-BC56E9D820AA}.Release|Any CPU.Build.0 = Release|Any CPU
	EndGlobalSection
	GlobalSection(SolutionProperties) = preSolution
		HideSolutionNode = FALSE
	EndGlobalSection
	GlobalSection(ExtensibilityGlobals) = postSolution
		SolutionGuid = {980261D5-E7C4-4D32-888E-317C572445BF}
	EndGlobalSection
EndGlobal
